<Solution>
  <Folder Name="/src/">
    <Project Path="src/Straapp.Api/Straapp.Api.csproj" />
    <Project Path="src/Straapp.Application/Straapp.Application.csproj" />
    <Project Path="src/Straapp.Domain/Straapp.Domain.csproj" />
    <Project Path="src/Straapp.Infrastructure/Straapp.Infrastructure.csproj" />
    <Project Path="src/Straapp.Persistence/Straapp.Persistence.csproj" />
  </Folder>
  <Folder Name="/tests/">
    <Project Path="tests/Straapp.UnitTests/Straapp.UnitTests.csproj" />
  </Folder>
</Solution>
